
Microsoft Visual Studio Solution File, Format Version 12.00
Project("{2150E333-8FDC-42A3-9474-1A3956D46DE8}") = "Services", "Services", "{E8CE7222-1308-4ECE-B25A-B1ACFF3DBD13}"
EndProject
Project("{2150E333-8FDC-42A3-9474-1A3956D46DE8}") = "ProductManagement", "ProductManagement", "{C236D8D2-99D7-4558-8382-19A77D69F0F0}"
EndProject
Project("{2150E333-8FDC-42A3-9474-1A3956D46DE8}") = "Shared", "Shared", "{3B19DE30-04C3-4E9A-960E-004DBC2D7B1C}"
EndProject
Project("{FAE04EC0-301F-11D3-BF4B-00C04F79EFBC}") = "EcoVerse.Shared", "EcoVerse.Shared\EcoVerse.Shared.csproj", "{3EED8E59-F6E4-4756-B8C5-6E27EBA1203D}"
EndProject
Project("{2150E333-8FDC-42A3-9474-1A3956D46DE8}") = "IdentityServer", "IdentityServer", "{57571CD4-9EC2-4E2A-A3B5-36354212695F}"
EndProject
Project("{FAE04EC0-301F-11D3-BF4B-00C04F79EFBC}") = "EcoVerse.IdentityServer", "IdentityServer\EcoVerse.IdentityServer\EcoVerse.IdentityServer.csproj", "{76636B6B-4AE3-4A54-898C-4A7E34F094E7}"
EndProject
Project("{2150E333-8FDC-42A3-9474-1A3956D46DE8}") = "BasketManagement", "BasketManagement", "{0D8B7346-50DA-40F2-874F-70DE622B9E4F}"
EndProject
Project("{FAE04EC0-301F-11D3-BF4B-00C04F79EFBC}") = "EcoVerse.BasketManagement.API", "Services\BasketManagement\EcoVerse.BasketManagement.API\EcoVerse.BasketManagement.API.csproj", "{8F4142A4-C115-4FCE-AC8B-83873E5B40CB}"
EndProject
Project("{FAE04EC0-301F-11D3-BF4B-00C04F79EFBC}") = "EcoVerse.BasketManagement.Application", "Services\BasketManagement\EcoVerse.BasketManagement.Application\EcoVerse.BasketManagement.Application.csproj", "{D9FC575F-6837-439A-8E06-8A4FF0D26CDA}"
EndProject
Project("{FAE04EC0-301F-11D3-BF4B-00C04F79EFBC}") = "EcoVerse.BasketManagement.Infrastructure", "Services\BasketManagement\EcoVerse.BasketManagement.Infrastructure\EcoVerse.BasketManagement.Infrastructure.csproj", "{2F0E7A42-FE2C-44EE-9551-AEEEBDBB265F}"
EndProject
Project("{FAE04EC0-301F-11D3-BF4B-00C04F79EFBC}") = "EcoVerse.BasketManagement.Domain", "Services\BasketManagement\EcoVerse.BasketManagement.Domain\EcoVerse.BasketManagement.Domain.csproj", "{65C1D1E4-0EBB-4C24-99F0-877F4CB87AD6}"
EndProject
Project("{FAE04EC0-301F-11D3-BF4B-00C04F79EFBC}") = "EcoVerse.BasketManagement.Tests", "Services\BasketManagement\EcoVerse.BasketManagement.Tests\EcoVerse.BasketManagement.Tests.csproj", "{575707ED-5825-4166-B881-04C2088EB9C3}"
EndProject
Project("{FAE04EC0-301F-11D3-BF4B-00C04F79EFBC}") = "EcoVerse.ProductManagement.API", "Services\ProductManagement\EcoVerse.ProductManagement.API\EcoVerse.ProductManagement.API.csproj", "{6833C2A6-4D94-438F-A03F-1E80B04B739E}"
EndProject
Project("{FAE04EC0-301F-11D3-BF4B-00C04F79EFBC}") = "EcoVerse.ProductManagement.Application", "Services\ProductManagement\EcoVerse.ProductManagement.Application\EcoVerse.ProductManagement.Application.csproj", "{7F29D7F2-FE7C-48BB-87B4-0A116597F0F0}"
EndProject
Project("{FAE04EC0-301F-11D3-BF4B-00C04F79EFBC}") = "EcoVerse.ProductManagement.Infrastructure", "Services\ProductManagement\EcoVerse.ProductManagement.Infrastructure\EcoVerse.ProductManagement.Infrastructure.csproj", "{7928CCC1-D06F-4B8C-A374-84516E3FC25A}"
EndProject
Project("{FAE04EC0-301F-11D3-BF4B-00C04F79EFBC}") = "EcoVerse.ProductManagement.Domain", "Services\ProductManagement\EcoVerse.ProductManagement.Domain\EcoVerse.ProductManagement.Domain.csproj", "{F2E8F5BE-D037-4F40-A8D8-F34A3734CB71}"
EndProject
Project("{FAE04EC0-301F-11D3-BF4B-00C04F79EFBC}") = "EcoVerse.ProductManagement.Tests", "Services\ProductManagement\EcoVerse.ProductManagement.Tests\EcoVerse.ProductManagement.Tests.csproj", "{5A461D36-4DE3-47C0-A1A0-2D6D7029B760}"
EndProject
Project("{2150E333-8FDC-42A3-9474-1A3956D46DE8}") = "StockManagement", "StockManagement", "{3418F777-2E8F-43BE-84EE-7A519A9A394A}"
EndProject
Project("{2150E333-8FDC-42A3-9474-1A3956D46DE8}") = "EcoVerse.StockManagement.Command", "EcoVerse.StockManagement.Command", "{0418F1F6-667C-475E-A24C-AB2B2E528787}"
EndProject
Project("{2150E333-8FDC-42A3-9474-1A3956D46DE8}") = "EcoVerse.StockManagement.Query", "EcoVerse.StockManagement.Query", "{2855B83C-510F-4CAA-B4A2-217FFD9DE78F}"
EndProject
Project("{FAE04EC0-301F-11D3-BF4B-00C04F79EFBC}") = "EcoVerse.StockManagement.Command.API", "Services\StockManagement\Command\EcoVerse.StockManagement.Command.API\EcoVerse.StockManagement.Command.API.csproj", "{0090ACD6-2BE9-46D4-BE26-72376289F671}"
EndProject
Project("{FAE04EC0-301F-11D3-BF4B-00C04F79EFBC}") = "EcoVerse.StockManagement.Command.Domain", "Services\StockManagement\Command\EcoVerse.StockManagement.Command.Domain\EcoVerse.StockManagement.Command.Domain.csproj", "{1D30E65D-B5CF-4673-BA72-279ED9003001}"
EndProject
Project("{FAE04EC0-301F-11D3-BF4B-00C04F79EFBC}") = "EcoVerse.StockManagement.Command.Infrastructure", "Services\StockManagement\Command\EcoVerse.StockManagement.Command.Infrastructure\EcoVerse.StockManagement.Command.Infrastructure.csproj", "{0F372C68-3B72-4F5F-9B02-B170515E7B11}"
EndProject
Project("{FAE04EC0-301F-11D3-BF4B-00C04F79EFBC}") = "EcoVerse.StockManagement.Query.API", "Services\StockManagement\Query\EcoVerse.StockManagement.Query.API\EcoVerse.StockManagement.Query.API.csproj", "{63FC3785-CF1E-4356-8135-8D081558AF44}"
EndProject
Project("{FAE04EC0-301F-11D3-BF4B-00C04F79EFBC}") = "EcoVerse.StockManagement.Query.Domain", "Services\StockManagement\Query\EcoVerse.StockManagement.Query.Domain\EcoVerse.StockManagement.Query.Domain.csproj", "{902CA8D4-7034-4677-BE31-8E2A0886833F}"
EndProject
Project("{FAE04EC0-301F-11D3-BF4B-00C04F79EFBC}") = "EcoVerse.StockManagement.Query.Infrastructure", "Services\StockManagement\Query\EcoVerse.StockManagement.Query.Infrastructure\EcoVerse.StockManagement.Query.Infrastructure.csproj", "{DB84CF8F-FCF7-461E-85DC-7A761D15642B}"
EndProject
Project("{FAE04EC0-301F-11D3-BF4B-00C04F79EFBC}") = "CQRS.Core", "Services\StockManagement\CQRS.Core\CQRS.Core.csproj", "{B08DEDEF-78B0-4AFB-A8A4-63816F879A88}"
EndProject
Project("{FAE04EC0-301F-11D3-BF4B-00C04F79EFBC}") = "EcoVerse.StockManagement.Common", "Services\StockManagement\EcoVerse.StockManagement.Common\EcoVerse.StockManagement.Common.csproj", "{BE7384A9-D149-4124-9883-63D4CF357400}"
EndProject
Project("{FAE04EC0-301F-11D3-BF4B-00C04F79EFBC}") = "EcoVerse.StockManagement.Command.Application", "Services\StockManagement\Command\EcoVerse.StockManagement.Command.Application\EcoVerse.StockManagement.Command.Application.csproj", "{1F7A2E0B-A946-4E18-B971-5DBB17F3B17E}"
EndProject
Global
	GlobalSection(SolutionConfigurationPlatforms) = preSolution
		Debug|Any CPU = Debug|Any CPU
		Release|Any CPU = Release|Any CPU
	EndGlobalSection
	GlobalSection(NestedProjects) = preSolution
		{C236D8D2-99D7-4558-8382-19A77D69F0F0} = {E8CE7222-1308-4ECE-B25A-B1ACFF3DBD13}
		{3EED8E59-F6E4-4756-B8C5-6E27EBA1203D} = {3B19DE30-04C3-4E9A-960E-004DBC2D7B1C}
		{76636B6B-4AE3-4A54-898C-4A7E34F094E7} = {57571CD4-9EC2-4E2A-A3B5-36354212695F}
		{0D8B7346-50DA-40F2-874F-70DE622B9E4F} = {E8CE7222-1308-4ECE-B25A-B1ACFF3DBD13}
		{8F4142A4-C115-4FCE-AC8B-83873E5B40CB} = {0D8B7346-50DA-40F2-874F-70DE622B9E4F}
		{D9FC575F-6837-439A-8E06-8A4FF0D26CDA} = {0D8B7346-50DA-40F2-874F-70DE622B9E4F}
		{2F0E7A42-FE2C-44EE-9551-AEEEBDBB265F} = {0D8B7346-50DA-40F2-874F-70DE622B9E4F}
		{65C1D1E4-0EBB-4C24-99F0-877F4CB87AD6} = {0D8B7346-50DA-40F2-874F-70DE622B9E4F}
		{575707ED-5825-4166-B881-04C2088EB9C3} = {0D8B7346-50DA-40F2-874F-70DE622B9E4F}
		{6833C2A6-4D94-438F-A03F-1E80B04B739E} = {C236D8D2-99D7-4558-8382-19A77D69F0F0}
		{7F29D7F2-FE7C-48BB-87B4-0A116597F0F0} = {C236D8D2-99D7-4558-8382-19A77D69F0F0}
		{7928CCC1-D06F-4B8C-A374-84516E3FC25A} = {C236D8D2-99D7-4558-8382-19A77D69F0F0}
		{F2E8F5BE-D037-4F40-A8D8-F34A3734CB71} = {C236D8D2-99D7-4558-8382-19A77D69F0F0}
		{5A461D36-4DE3-47C0-A1A0-2D6D7029B760} = {C236D8D2-99D7-4558-8382-19A77D69F0F0}
		{3418F777-2E8F-43BE-84EE-7A519A9A394A} = {E8CE7222-1308-4ECE-B25A-B1ACFF3DBD13}
		{0418F1F6-667C-475E-A24C-AB2B2E528787} = {3418F777-2E8F-43BE-84EE-7A519A9A394A}
		{2855B83C-510F-4CAA-B4A2-217FFD9DE78F} = {3418F777-2E8F-43BE-84EE-7A519A9A394A}
		{0090ACD6-2BE9-46D4-BE26-72376289F671} = {0418F1F6-667C-475E-A24C-AB2B2E528787}
		{1D30E65D-B5CF-4673-BA72-279ED9003001} = {0418F1F6-667C-475E-A24C-AB2B2E528787}
		{0F372C68-3B72-4F5F-9B02-B170515E7B11} = {0418F1F6-667C-475E-A24C-AB2B2E528787}
		{63FC3785-CF1E-4356-8135-8D081558AF44} = {2855B83C-510F-4CAA-B4A2-217FFD9DE78F}
		{902CA8D4-7034-4677-BE31-8E2A0886833F} = {2855B83C-510F-4CAA-B4A2-217FFD9DE78F}
		{DB84CF8F-FCF7-461E-85DC-7A761D15642B} = {2855B83C-510F-4CAA-B4A2-217FFD9DE78F}
		{B08DEDEF-78B0-4AFB-A8A4-63816F879A88} = {3418F777-2E8F-43BE-84EE-7A519A9A394A}
		{BE7384A9-D149-4124-9883-63D4CF357400} = {3418F777-2E8F-43BE-84EE-7A519A9A394A}
		{1F7A2E0B-A946-4E18-B971-5DBB17F3B17E} = {0418F1F6-667C-475E-A24C-AB2B2E528787}
	EndGlobalSection
	GlobalSection(ProjectConfigurationPlatforms) = postSolution
		{3EED8E59-F6E4-4756-B8C5-6E27EBA1203D}.Debug|Any CPU.ActiveCfg = Debug|Any CPU
		{3EED8E59-F6E4-4756-B8C5-6E27EBA1203D}.Debug|Any CPU.Build.0 = Debug|Any CPU
		{3EED8E59-F6E4-4756-B8C5-6E27EBA1203D}.Release|Any CPU.ActiveCfg = Release|Any CPU
		{3EED8E59-F6E4-4756-B8C5-6E27EBA1203D}.Release|Any CPU.Build.0 = Release|Any CPU
		{76636B6B-4AE3-4A54-898C-4A7E34F094E7}.Debug|Any CPU.ActiveCfg = Debug|Any CPU
		{76636B6B-4AE3-4A54-898C-4A7E34F094E7}.Debug|Any CPU.Build.0 = Debug|Any CPU
		{76636B6B-4AE3-4A54-898C-4A7E34F094E7}.Release|Any CPU.ActiveCfg = Release|Any CPU
		{76636B6B-4AE3-4A54-898C-4A7E34F094E7}.Release|Any CPU.Build.0 = Release|Any CPU
		{8F4142A4-C115-4FCE-AC8B-83873E5B40CB}.Debug|Any CPU.ActiveCfg = Debug|Any CPU
		{8F4142A4-C115-4FCE-AC8B-83873E5B40CB}.Debug|Any CPU.Build.0 = Debug|Any CPU
		{8F4142A4-C115-4FCE-AC8B-83873E5B40CB}.Release|Any CPU.ActiveCfg = Release|Any CPU
		{8F4142A4-C115-4FCE-AC8B-83873E5B40CB}.Release|Any CPU.Build.0 = Release|Any CPU
		{D9FC575F-6837-439A-8E06-8A4FF0D26CDA}.Debug|Any CPU.ActiveCfg = Debug|Any CPU
		{D9FC575F-6837-439A-8E06-8A4FF0D26CDA}.Debug|Any CPU.Build.0 = Debug|Any CPU
		{D9FC575F-6837-439A-8E06-8A4FF0D26CDA}.Release|Any CPU.ActiveCfg = Release|Any CPU
		{D9FC575F-6837-439A-8E06-8A4FF0D26CDA}.Release|Any CPU.Build.0 = Release|Any CPU
		{2F0E7A42-FE2C-44EE-9551-AEEEBDBB265F}.Debug|Any CPU.ActiveCfg = Debug|Any CPU
		{2F0E7A42-FE2C-44EE-9551-AEEEBDBB265F}.Debug|Any CPU.Build.0 = Debug|Any CPU
		{2F0E7A42-FE2C-44EE-9551-AEEEBDBB265F}.Release|Any CPU.ActiveCfg = Release|Any CPU
		{2F0E7A42-FE2C-44EE-9551-AEEEBDBB265F}.Release|Any CPU.Build.0 = Release|Any CPU
		{65C1D1E4-0EBB-4C24-99F0-877F4CB87AD6}.Debug|Any CPU.ActiveCfg = Debug|Any CPU
		{65C1D1E4-0EBB-4C24-99F0-877F4CB87AD6}.Debug|Any CPU.Build.0 = Debug|Any CPU
		{65C1D1E4-0EBB-4C24-99F0-877F4CB87AD6}.Release|Any CPU.ActiveCfg = Release|Any CPU
		{65C1D1E4-0EBB-4C24-99F0-877F4CB87AD6}.Release|Any CPU.Build.0 = Release|Any CPU
		{575707ED-5825-4166-B881-04C2088EB9C3}.Debug|Any CPU.ActiveCfg = Debug|Any CPU
		{575707ED-5825-4166-B881-04C2088EB9C3}.Debug|Any CPU.Build.0 = Debug|Any CPU
		{575707ED-5825-4166-B881-04C2088EB9C3}.Release|Any CPU.ActiveCfg = Release|Any CPU
		{575707ED-5825-4166-B881-04C2088EB9C3}.Release|Any CPU.Build.0 = Release|Any CPU
		{6833C2A6-4D94-438F-A03F-1E80B04B739E}.Debug|Any CPU.ActiveCfg = Debug|Any CPU
		{6833C2A6-4D94-438F-A03F-1E80B04B739E}.Debug|Any CPU.Build.0 = Debug|Any CPU
		{6833C2A6-4D94-438F-A03F-1E80B04B739E}.Release|Any CPU.ActiveCfg = Release|Any CPU
		{6833C2A6-4D94-438F-A03F-1E80B04B739E}.Release|Any CPU.Build.0 = Release|Any CPU
		{7F29D7F2-FE7C-48BB-87B4-0A116597F0F0}.Debug|Any CPU.ActiveCfg = Debug|Any CPU
		{7F29D7F2-FE7C-48BB-87B4-0A116597F0F0}.Debug|Any CPU.Build.0 = Debug|Any CPU
		{7F29D7F2-FE7C-48BB-87B4-0A116597F0F0}.Release|Any CPU.ActiveCfg = Release|Any CPU
		{7F29D7F2-FE7C-48BB-87B4-0A116597F0F0}.Release|Any CPU.Build.0 = Release|Any CPU
		{7928CCC1-D06F-4B8C-A374-84516E3FC25A}.Debug|Any CPU.ActiveCfg = Debug|Any CPU
		{7928CCC1-D06F-4B8C-A374-84516E3FC25A}.Debug|Any CPU.Build.0 = Debug|Any CPU
		{7928CCC1-D06F-4B8C-A374-84516E3FC25A}.Release|Any CPU.ActiveCfg = Release|Any CPU
		{7928CCC1-D06F-4B8C-A374-84516E3FC25A}.Release|Any CPU.Build.0 = Release|Any CPU
		{F2E8F5BE-D037-4F40-A8D8-F34A3734CB71}.Debug|Any CPU.ActiveCfg = Debug|Any CPU
		{F2E8F5BE-D037-4F40-A8D8-F34A3734CB71}.Debug|Any CPU.Build.0 = Debug|Any CPU
		{F2E8F5BE-D037-4F40-A8D8-F34A3734CB71}.Release|Any CPU.ActiveCfg = Release|Any CPU
		{F2E8F5BE-D037-4F40-A8D8-F34A3734CB71}.Release|Any CPU.Build.0 = Release|Any CPU
		{5A461D36-4DE3-47C0-A1A0-2D6D7029B760}.Debug|Any CPU.ActiveCfg = Debug|Any CPU
		{5A461D36-4DE3-47C0-A1A0-2D6D7029B760}.Debug|Any CPU.Build.0 = Debug|Any CPU
		{5A461D36-4DE3-47C0-A1A0-2D6D7029B760}.Release|Any CPU.ActiveCfg = Release|Any CPU
		{5A461D36-4DE3-47C0-A1A0-2D6D7029B760}.Release|Any CPU.Build.0 = Release|Any CPU
		{0090ACD6-2BE9-46D4-BE26-72376289F671}.Debug|Any CPU.ActiveCfg = Debug|Any CPU
		{0090ACD6-2BE9-46D4-BE26-72376289F671}.Debug|Any CPU.Build.0 = Debug|Any CPU
		{0090ACD6-2BE9-46D4-BE26-72376289F671}.Release|Any CPU.ActiveCfg = Release|Any CPU
		{0090ACD6-2BE9-46D4-BE26-72376289F671}.Release|Any CPU.Build.0 = Release|Any CPU
		{1D30E65D-B5CF-4673-BA72-279ED9003001}.Debug|Any CPU.ActiveCfg = Debug|Any CPU
		{1D30E65D-B5CF-4673-BA72-279ED9003001}.Debug|Any CPU.Build.0 = Debug|Any CPU
		{1D30E65D-B5CF-4673-BA72-279ED9003001}.Release|Any CPU.ActiveCfg = Release|Any CPU
		{1D30E65D-B5CF-4673-BA72-279ED9003001}.Release|Any CPU.Build.0 = Release|Any CPU
		{0F372C68-3B72-4F5F-9B02-B170515E7B11}.Debug|Any CPU.ActiveCfg = Debug|Any CPU
		{0F372C68-3B72-4F5F-9B02-B170515E7B11}.Debug|Any CPU.Build.0 = Debug|Any CPU
		{0F372C68-3B72-4F5F-9B02-B170515E7B11}.Release|Any CPU.ActiveCfg = Release|Any CPU
		{0F372C68-3B72-4F5F-9B02-B170515E7B11}.Release|Any CPU.Build.0 = Release|Any CPU
		{63FC3785-CF1E-4356-8135-8D081558AF44}.Debug|Any CPU.ActiveCfg = Debug|Any CPU
		{63FC3785-CF1E-4356-8135-8D081558AF44}.Debug|Any CPU.Build.0 = Debug|Any CPU
		{63FC3785-CF1E-4356-8135-8D081558AF44}.Release|Any CPU.ActiveCfg = Release|Any CPU
		{63FC3785-CF1E-4356-8135-8D081558AF44}.Release|Any CPU.Build.0 = Release|Any CPU
		{902CA8D4-7034-4677-BE31-8E2A0886833F}.Debug|Any CPU.ActiveCfg = Debug|Any CPU
		{902CA8D4-7034-4677-BE31-8E2A0886833F}.Debug|Any CPU.Build.0 = Debug|Any CPU
		{902CA8D4-7034-4677-BE31-8E2A0886833F}.Release|Any CPU.ActiveCfg = Release|Any CPU
		{902CA8D4-7034-4677-BE31-8E2A0886833F}.Release|Any CPU.Build.0 = Release|Any CPU
		{DB84CF8F-FCF7-461E-85DC-7A761D15642B}.Debug|Any CPU.ActiveCfg = Debug|Any CPU
		{DB84CF8F-FCF7-461E-85DC-7A761D15642B}.Debug|Any CPU.Build.0 = Debug|Any CPU
		{DB84CF8F-FCF7-461E-85DC-7A761D15642B}.Release|Any CPU.ActiveCfg = Release|Any CPU
		{DB84CF8F-FCF7-461E-85DC-7A761D15642B}.Release|Any CPU.Build.0 = Release|Any CPU
		{B08DEDEF-78B0-4AFB-A8A4-63816F879A88}.Debug|Any CPU.ActiveCfg = Debug|Any CPU
		{B08DEDEF-78B0-4AFB-A8A4-63816F879A88}.Debug|Any CPU.Build.0 = Debug|Any CPU
		{B08DEDEF-78B0-4AFB-A8A4-63816F879A88}.Release|Any CPU.ActiveCfg = Release|Any CPU
		{B08DEDEF-78B0-4AFB-A8A4-63816F879A88}.Release|Any CPU.Build.0 = Release|Any CPU
		{BE7384A9-D149-4124-9883-63D4CF357400}.Debug|Any CPU.ActiveCfg = Debug|Any CPU
		{BE7384A9-D149-4124-9883-63D4CF357400}.Debug|Any CPU.Build.0 = Debug|Any CPU
		{BE7384A9-D149-4124-9883-63D4CF357400}.Release|Any CPU.ActiveCfg = Release|Any CPU
		{BE7384A9-D149-4124-9883-63D4CF357400}.Release|Any CPU.Build.0 = Release|Any CPU
		{1F7A2E0B-A946-4E18-B971-5DBB17F3B17E}.Debug|Any CPU.ActiveCfg = Debug|Any CPU
		{1F7A2E0B-A946-4E18-B971-5DBB17F3B17E}.Debug|Any CPU.Build.0 = Debug|Any CPU
		{1F7A2E0B-A946-4E18-B971-5DBB17F3B17E}.Release|Any CPU.ActiveCfg = Release|Any CPU
		{1F7A2E0B-A946-4E18-B971-5DBB17F3B17E}.Release|Any CPU.Build.0 = Release|Any CPU
	EndGlobalSection
EndGlobal
